# This file is autogenerated, do not edit; changes may be undone by the next 'dep ensure'.


[[projects]]
  branch = "master"
  name = "github.com/samlitowitz/bnet-bncs"
  packages = [
    "pkg/bncs",
    "pkg/bncs/server"
  ]
  revision = "87fcb307f82a2f1eb91123e0736ca88500bd0675"

[[projects]]
  branch = "master"
  name = "github.com/samlitowitz/bnet-encoding"
  packages = ["pkg/encoding/bnet"]
  revision = "0d267bab7fd6c7c1d6ed036b5e227171cbb7d769"

[solve-meta]
  analyzer-name = "dep"
  analyzer-version = 1
  inputs-digest = "3cc246436794e5cbf65389d3a01e9d8b4b0a4c9e8a9c5601b7065cd3431ac5d2"
  solver-name = "gps-cdcl"
  solver-version = 1
